// !$*UTF8*$!
{
	archiveVersion = 1;
	classes = {
	};
	objectVersion = 46;
	objects = {

/* Begin PBXBuildFile section */
		F43CC51A1CE0D793008D1A83 /* Assets.xcassets in Resources */ = {isa = PBXBuildFile; fileRef = F43CC5191CE0D793008D1A83 /* Assets.xcassets */; };
		F43CC51C1CE0DAEE008D1A83 /* Coins.swift in Sources */ = {isa = PBXBuildFile; fileRef = F43CC51B1CE0DAEE008D1A83 /* Coins.swift */; };
		F43CC51E1CE1058C008D1A83 /* Store.swift in Sources */ = {isa = PBXBuildFile; fileRef = F43CC51D1CE1058C008D1A83 /* Store.swift */; };
		F462672E1CF37B700005E024 /* StoreViewController.swift in Sources */ = {isa = PBXBuildFile; fileRef = F462672D1CF37B700005E024 /* StoreViewController.swift */; };
		F46267301CF4CC3A0005E024 /* StoreBViewController.swift in Sources */ = {isa = PBXBuildFile; fileRef = F462672F1CF4CC3A0005E024 /* StoreBViewController.swift */; };
		F46267321CF4FAC50005E024 /* StoreCViewController.swift in Sources */ = {isa = PBXBuildFile; fileRef = F46267311CF4FAC50005E024 /* StoreCViewController.swift */; };
		F46267341CF5013D0005E024 /* StoreDViewController.swift in Sources */ = {isa = PBXBuildFile; fileRef = F46267331CF5013D0005E024 /* StoreDViewController.swift */; };
		F46267361CF5DF2B0005E024 /* StoreEViewController.swift in Sources */ = {isa = PBXBuildFile; fileRef = F46267351CF5DF2B0005E024 /* StoreEViewController.swift */; };
		F46267381CF7824B0005E024 /* StoreA1ViewController.swift in Sources */ = {isa = PBXBuildFile; fileRef = F46267371CF7824B0005E024 /* StoreA1ViewController.swift */; };
		F483369D1CE4E9C400CED334 /* LogViewController.swift in Sources */ = {isa = PBXBuildFile; fileRef = F483369C1CE4E9C400CED334 /* LogViewController.swift */; };
		F483369F1CE4FAA600CED334 /* ExerciseViewController.swift in Sources */ = {isa = PBXBuildFile; fileRef = F483369E1CE4FAA600CED334 /* ExerciseViewController.swift */; };
		F48336A11CE4FD4B00CED334 /* ExerciseMethodViewController.swift in Sources */ = {isa = PBXBuildFile; fileRef = F48336A01CE4FD4B00CED334 /* ExerciseMethodViewController.swift */; };
		F48336A31CE5024E00CED334 /* StoreAViewController.swift in Sources */ = {isa = PBXBuildFile; fileRef = F48336A21CE5024E00CED334 /* StoreAViewController.swift */; };
		F4DB47051CEB5FA500FF35E7 /* SettingsViewController.swift in Sources */ = {isa = PBXBuildFile; fileRef = F4DB47041CEB5FA500FF35E7 /* SettingsViewController.swift */; };
		F4DF45271CDB929000826CEB /* AppDelegate.swift in Sources */ = {isa = PBXBuildFile; fileRef = F4DF45261CDB929000826CEB /* AppDelegate.swift */; };
		F4DF452B1CDB929000826CEB /* GameScene.swift in Sources */ = {isa = PBXBuildFile; fileRef = F4DF452A1CDB929000826CEB /* GameScene.swift */; };
		F4DF452D1CDB929000826CEB /* GameViewController.swift in Sources */ = {isa = PBXBuildFile; fileRef = F4DF452C1CDB929000826CEB /* GameViewController.swift */; };
		F4DF45301CDB929000826CEB /* Main.storyboard in Resources */ = {isa = PBXBuildFile; fileRef = F4DF452E1CDB929000826CEB /* Main.storyboard */; };
		F4DF45351CDB929000826CEB /* LaunchScreen.storyboard in Resources */ = {isa = PBXBuildFile; fileRef = F4DF45331CDB929000826CEB /* LaunchScreen.storyboard */; };
		F4DF45401CDB929000826CEB /* Fitness_FriendsTests.swift in Sources */ = {isa = PBXBuildFile; fileRef = F4DF453F1CDB929000826CEB /* Fitness_FriendsTests.swift */; };
		F4DF454B1CDB929100826CEB /* Fitness_FriendsUITests.swift in Sources */ = {isa = PBXBuildFile; fileRef = F4DF454A1CDB929100826CEB /* Fitness_FriendsUITests.swift */; };
		F4FD9AAC1CE91F2D00BBA331 /* GPSViewController.swift in Sources */ = {isa = PBXBuildFile; fileRef = F4FD9AAB1CE91F2D00BBA331 /* GPSViewController.swift */; };
		F4FD9AAE1CE91F3D00BBA331 /* TimerViewController.swift in Sources */ = {isa = PBXBuildFile; fileRef = F4FD9AAD1CE91F3D00BBA331 /* TimerViewController.swift */; };
		F4FD9AB01CE9238900BBA331 /* RoomViewController.swift in Sources */ = {isa = PBXBuildFile; fileRef = F4FD9AAF1CE9238900BBA331 /* RoomViewController.swift */; };
		F4FD9AB21CEAA53100BBA331 /* Global.swift in Sources */ = {isa = PBXBuildFile; fileRef = F4FD9AB11CEAA53100BBA331 /* Global.swift */; };
/* End PBXBuildFile section */

/* Begin PBXContainerItemProxy section */
		F4DF453C1CDB929000826CEB /* PBXContainerItemProxy */ = {
			isa = PBXContainerItemProxy;
			containerPortal = F4DF451B1CDB929000826CEB /* Project object */;
			proxyType = 1;
			remoteGlobalIDString = F4DF45221CDB929000826CEB;
			remoteInfo = "Fitness Friends";
		};
		F4DF45471CDB929000826CEB /* PBXContainerItemProxy */ = {
			isa = PBXContainerItemProxy;
			containerPortal = F4DF451B1CDB929000826CEB /* Project object */;
			proxyType = 1;
			remoteGlobalIDString = F4DF45221CDB929000826CEB;
			remoteInfo = "Fitness Friends";
		};
/* End PBXContainerItemProxy section */

/* Begin PBXFileReference section */
		F43CC5191CE0D793008D1A83 /* Assets.xcassets */ = {isa = PBXFileReference; lastKnownFileType = folder.assetcatalog; path = Assets.xcassets; sourceTree = "<group>"; };
		F43CC51B1CE0DAEE008D1A83 /* Coins.swift */ = {isa = PBXFileReference; fileEncoding = 4; lastKnownFileType = sourcecode.swift; path = Coins.swift; sourceTree = "<group>"; };
		F43CC51D1CE1058C008D1A83 /* Store.swift */ = {isa = PBXFileReference; fileEncoding = 4; lastKnownFileType = sourcecode.swift; path = Store.swift; sourceTree = "<group>"; };
		F462672D1CF37B700005E024 /* StoreViewController.swift */ = {isa = PBXFileReference; fileEncoding = 4; lastKnownFileType = sourcecode.swift; path = StoreViewController.swift; sourceTree = "<group>"; };
		F462672F1CF4CC3A0005E024 /* StoreBViewController.swift */ = {isa = PBXFileReference; fileEncoding = 4; lastKnownFileType = sourcecode.swift; path = StoreBViewController.swift; sourceTree = "<group>"; };
		F46267311CF4FAC50005E024 /* StoreCViewController.swift */ = {isa = PBXFileReference; fileEncoding = 4; lastKnownFileType = sourcecode.swift; path = StoreCViewController.swift; sourceTree = "<group>"; };
		F46267331CF5013D0005E024 /* StoreDViewController.swift */ = {isa = PBXFileReference; fileEncoding = 4; lastKnownFileType = sourcecode.swift; path = StoreDViewController.swift; sourceTree = "<group>"; };
		F46267351CF5DF2B0005E024 /* StoreEViewController.swift */ = {isa = PBXFileReference; fileEncoding = 4; lastKnownFileType = sourcecode.swift; path = StoreEViewController.swift; sourceTree = "<group>"; };
		F46267371CF7824B0005E024 /* StoreA1ViewController.swift */ = {isa = PBXFileReference; fileEncoding = 4; lastKnownFileType = sourcecode.swift; path = StoreA1ViewController.swift; sourceTree = "<group>"; };
		F483369C1CE4E9C400CED334 /* LogViewController.swift */ = {isa = PBXFileReference; fileEncoding = 4; lastKnownFileType = sourcecode.swift; path = LogViewController.swift; sourceTree = "<group>"; };
		F483369E1CE4FAA600CED334 /* ExerciseViewController.swift */ = {isa = PBXFileReference; fileEncoding = 4; lastKnownFileType = sourcecode.swift; path = ExerciseViewController.swift; sourceTree = "<group>"; };
		F48336A01CE4FD4B00CED334 /* ExerciseMethodViewController.swift */ = {isa = PBXFileReference; fileEncoding = 4; lastKnownFileType = sourcecode.swift; path = ExerciseMethodViewController.swift; sourceTree = "<group>"; };
		F48336A21CE5024E00CED334 /* StoreAViewController.swift */ = {isa = PBXFileReference; fileEncoding = 4; lastKnownFileType = sourcecode.swift; path = StoreAViewController.swift; sourceTree = "<group>"; };
		F4DB47041CEB5FA500FF35E7 /* SettingsViewController.swift */ = {isa = PBXFileReference; fileEncoding = 4; lastKnownFileType = sourcecode.swift; path = SettingsViewController.swift; sourceTree = "<group>"; };
		F4DF45231CDB929000826CEB /* Fitness Friends.app */ = {isa = PBXFileReference; explicitFileType = wrapper.application; includeInIndex = 0; path = "Fitness Friends.app"; sourceTree = BUILT_PRODUCTS_DIR; };
		F4DF45261CDB929000826CEB /* AppDelegate.swift */ = {isa = PBXFileReference; lastKnownFileType = sourcecode.swift; path = AppDelegate.swift; sourceTree = "<group>"; };
		F4DF452A1CDB929000826CEB /* GameScene.swift */ = {isa = PBXFileReference; lastKnownFileType = sourcecode.swift; path = GameScene.swift; sourceTree = "<group>"; };
		F4DF452C1CDB929000826CEB /* GameViewController.swift */ = {isa = PBXFileReference; lastKnownFileType = sourcecode.swift; path = GameViewController.swift; sourceTree = "<group>"; };
		F4DF452F1CDB929000826CEB /* Base */ = {isa = PBXFileReference; lastKnownFileType = file.storyboard; name = Base; path = Base.lproj/Main.storyboard; sourceTree = "<group>"; };
		F4DF45341CDB929000826CEB /* Base */ = {isa = PBXFileReference; lastKnownFileType = file.storyboard; name = Base; path = Base.lproj/LaunchScreen.storyboard; sourceTree = "<group>"; };
		F4DF45361CDB929000826CEB /* Info.plist */ = {isa = PBXFileReference; lastKnownFileType = text.plist.xml; path = Info.plist; sourceTree = "<group>"; };
		F4DF453B1CDB929000826CEB /* Fitness FriendsTests.xctest */ = {isa = PBXFileReference; explicitFileType = wrapper.cfbundle; includeInIndex = 0; path = "Fitness FriendsTests.xctest"; sourceTree = BUILT_PRODUCTS_DIR; };
		F4DF453F1CDB929000826CEB /* Fitness_FriendsTests.swift */ = {isa = PBXFileReference; lastKnownFileType = sourcecode.swift; path = Fitness_FriendsTests.swift; sourceTree = "<group>"; };
		F4DF45411CDB929000826CEB /* Info.plist */ = {isa = PBXFileReference; lastKnownFileType = text.plist.xml; path = Info.plist; sourceTree = "<group>"; };
		F4DF45461CDB929000826CEB /* Fitness FriendsUITests.xctest */ = {isa = PBXFileReference; explicitFileType = wrapper.cfbundle; includeInIndex = 0; path = "Fitness FriendsUITests.xctest"; sourceTree = BUILT_PRODUCTS_DIR; };
		F4DF454A1CDB929100826CEB /* Fitness_FriendsUITests.swift */ = {isa = PBXFileReference; lastKnownFileType = sourcecode.swift; path = Fitness_FriendsUITests.swift; sourceTree = "<group>"; };
		F4DF454C1CDB929100826CEB /* Info.plist */ = {isa = PBXFileReference; lastKnownFileType = text.plist.xml; path = Info.plist; sourceTree = "<group>"; };
		F4FD9AAB1CE91F2D00BBA331 /* GPSViewController.swift */ = {isa = PBXFileReference; fileEncoding = 4; lastKnownFileType = sourcecode.swift; path = GPSViewController.swift; sourceTree = "<group>"; };
		F4FD9AAD1CE91F3D00BBA331 /* TimerViewController.swift */ = {isa = PBXFileReference; fileEncoding = 4; lastKnownFileType = sourcecode.swift; path = TimerViewController.swift; sourceTree = "<group>"; };
		F4FD9AAF1CE9238900BBA331 /* RoomViewController.swift */ = {isa = PBXFileReference; fileEncoding = 4; lastKnownFileType = sourcecode.swift; path = RoomViewController.swift; sourceTree = "<group>"; };
		F4FD9AB11CEAA53100BBA331 /* Global.swift */ = {isa = PBXFileReference; fileEncoding = 4; lastKnownFileType = sourcecode.swift; path = Global.swift; sourceTree = "<group>"; };
/* End PBXFileReference section */

/* Begin PBXFrameworksBuildPhase section */
		F4DF45201CDB929000826CEB /* Frameworks */ = {
			isa = PBXFrameworksBuildPhase;
			buildActionMask = 2147483647;
			files = (
			);
			runOnlyForDeploymentPostprocessing = 0;
		};
		F4DF45381CDB929000826CEB /* Frameworks */ = {
			isa = PBXFrameworksBuildPhase;
			buildActionMask = 2147483647;
			files = (
			);
			runOnlyForDeploymentPostprocessing = 0;
		};
		F4DF45431CDB929000826CEB /* Frameworks */ = {
			isa = PBXFrameworksBuildPhase;
			buildActionMask = 2147483647;
			files = (
			);
			runOnlyForDeploymentPostprocessing = 0;
		};
/* End PBXFrameworksBuildPhase section */

/* Begin PBXGroup section */
		F4DF451A1CDB929000826CEB = {
			isa = PBXGroup;
			children = (
				F4DF45251CDB929000826CEB /* Fitness Friends */,
				F4DF453E1CDB929000826CEB /* Fitness FriendsTests */,
				F4DF45491CDB929100826CEB /* Fitness FriendsUITests */,
				F4DF45241CDB929000826CEB /* Products */,
			);
			sourceTree = "<group>";
		};
		F4DF45241CDB929000826CEB /* Products */ = {
			isa = PBXGroup;
			children = (
				F4DF45231CDB929000826CEB /* Fitness Friends.app */,
				F4DF453B1CDB929000826CEB /* Fitness FriendsTests.xctest */,
				F4DF45461CDB929000826CEB /* Fitness FriendsUITests.xctest */,
			);
			name = Products;
			sourceTree = "<group>";
		};
		F4DF45251CDB929000826CEB /* Fitness Friends */ = {
			isa = PBXGroup;
			children = (
				F4DF45261CDB929000826CEB /* AppDelegate.swift */,
				F43CC51D1CE1058C008D1A83 /* Store.swift */,
				F4DB47041CEB5FA500FF35E7 /* SettingsViewController.swift */,
				F43CC51B1CE0DAEE008D1A83 /* Coins.swift */,
				F4DF452A1CDB929000826CEB /* GameScene.swift */,
				F4DF452C1CDB929000826CEB /* GameViewController.swift */,
				F43CC5191CE0D793008D1A83 /* Assets.xcassets */,
				F4DF452E1CDB929000826CEB /* Main.storyboard */,
				F462672D1CF37B700005E024 /* StoreViewController.swift */,
				F48336A21CE5024E00CED334 /* StoreAViewController.swift */,
				F46267371CF7824B0005E024 /* StoreA1ViewController.swift */,
				F462672F1CF4CC3A0005E024 /* StoreBViewController.swift */,
				F46267311CF4FAC50005E024 /* StoreCViewController.swift */,
				F46267331CF5013D0005E024 /* StoreDViewController.swift */,
				F46267351CF5DF2B0005E024 /* StoreEViewController.swift */,
				F4FD9AB11CEAA53100BBA331 /* Global.swift */,
				F4FD9AAF1CE9238900BBA331 /* RoomViewController.swift */,
				F483369E1CE4FAA600CED334 /* ExerciseViewController.swift */,
				F48336A01CE4FD4B00CED334 /* ExerciseMethodViewController.swift */,
				F4FD9AAB1CE91F2D00BBA331 /* GPSViewController.swift */,
				F4FD9AAD1CE91F3D00BBA331 /* TimerViewController.swift */,
				F483369C1CE4E9C400CED334 /* LogViewController.swift */,
				F4DF45331CDB929000826CEB /* LaunchScreen.storyboard */,
				F4DF45361CDB929000826CEB /* Info.plist */,
			);
			path = "Fitness Friends";
			sourceTree = "<group>";
		};
		F4DF453E1CDB929000826CEB /* Fitness FriendsTests */ = {
			isa = PBXGroup;
			children = (
				F4DF453F1CDB929000826CEB /* Fitness_FriendsTests.swift */,
				F4DF45411CDB929000826CEB /* Info.plist */,
			);
			path = "Fitness FriendsTests";
			sourceTree = "<group>";
		};
		F4DF45491CDB929100826CEB /* Fitness FriendsUITests */ = {
			isa = PBXGroup;
			children = (
				F4DF454A1CDB929100826CEB /* Fitness_FriendsUITests.swift */,
				F4DF454C1CDB929100826CEB /* Info.plist */,
			);
			path = "Fitness FriendsUITests";
			sourceTree = "<group>";
		};
/* End PBXGroup section */

/* Begin PBXNativeTarget section */
		F4DF45221CDB929000826CEB /* Fitness Friends */ = {
			isa = PBXNativeTarget;
			buildConfigurationList = F4DF454F1CDB929100826CEB /* Build configuration list for PBXNativeTarget "Fitness Friends" */;
			buildPhases = (
				F4DF451F1CDB929000826CEB /* Sources */,
				F4DF45201CDB929000826CEB /* Frameworks */,
				F4DF45211CDB929000826CEB /* Resources */,
			);
			buildRules = (
			);
			dependencies = (
			);
			name = "Fitness Friends";
			productName = "Fitness Friends";
			productReference = F4DF45231CDB929000826CEB /* Fitness Friends.app */;
			productType = "com.apple.product-type.application";
		};
		F4DF453A1CDB929000826CEB /* Fitness FriendsTests */ = {
			isa = PBXNativeTarget;
			buildConfigurationList = F4DF45521CDB929100826CEB /* Build configuration list for PBXNativeTarget "Fitness FriendsTests" */;
			buildPhases = (
				F4DF45371CDB929000826CEB /* Sources */,
				F4DF45381CDB929000826CEB /* Frameworks */,
				F4DF45391CDB929000826CEB /* Resources */,
			);
			buildRules = (
			);
			dependencies = (
				F4DF453D1CDB929000826CEB /* PBXTargetDependency */,
			);
			name = "Fitness FriendsTests";
			productName = "Fitness FriendsTests";
			productReference = F4DF453B1CDB929000826CEB /* Fitness FriendsTests.xctest */;
			productType = "com.apple.product-type.bundle.unit-test";
		};
		F4DF45451CDB929000826CEB /* Fitness FriendsUITests */ = {
			isa = PBXNativeTarget;
			buildConfigurationList = F4DF45551CDB929100826CEB /* Build configuration list for PBXNativeTarget "Fitness FriendsUITests" */;
			buildPhases = (
				F4DF45421CDB929000826CEB /* Sources */,
				F4DF45431CDB929000826CEB /* Frameworks */,
				F4DF45441CDB929000826CEB /* Resources */,
			);
			buildRules = (
			);
			dependencies = (
				F4DF45481CDB929000826CEB /* PBXTargetDependency */,
			);
			name = "Fitness FriendsUITests";
			productName = "Fitness FriendsUITests";
			productReference = F4DF45461CDB929000826CEB /* Fitness FriendsUITests.xctest */;
			productType = "com.apple.product-type.bundle.ui-testing";
		};
/* End PBXNativeTarget section */

/* Begin PBXProject section */
		F4DF451B1CDB929000826CEB /* Project object */ = {
			isa = PBXProject;
			attributes = {
				LastSwiftUpdateCheck = 0730;
				LastUpgradeCheck = 0730;
				ORGANIZATIONNAME = "Jacqueline Oh";
				TargetAttributes = {
					F4DF45221CDB929000826CEB = {
						CreatedOnToolsVersion = 7.3;
						DevelopmentTeam = 7835EYY49C;
						SystemCapabilities = {
							com.apple.BackgroundModes = {
								enabled = 1;
							};
						};
					};
					F4DF453A1CDB929000826CEB = {
						CreatedOnToolsVersion = 7.3;
						TestTargetID = F4DF45221CDB929000826CEB;
					};
					F4DF45451CDB929000826CEB = {
						CreatedOnToolsVersion = 7.3;
						TestTargetID = F4DF45221CDB929000826CEB;
					};
				};
			};
			buildConfigurationList = F4DF451E1CDB929000826CEB /* Build configuration list for PBXProject "Fitness Friends" */;
			compatibilityVersion = "Xcode 3.2";
			developmentRegion = English;
			hasScannedForEncodings = 0;
			knownRegions = (
				en,
				Base,
			);
			mainGroup = F4DF451A1CDB929000826CEB;
			productRefGroup = F4DF45241CDB929000826CEB /* Products */;
			projectDirPath = "";
			projectRoot = "";
			targets = (
				F4DF45221CDB929000826CEB /* Fitness Friends */,
				F4DF453A1CDB929000826CEB /* Fitness FriendsTests */,
				F4DF45451CDB929000826CEB /* Fitness FriendsUITests */,
			);
		};
/* End PBXProject section */

/* Begin PBXResourcesBuildPhase section */
		F4DF45211CDB929000826CEB /* Resources */ = {
			isa = PBXResourcesBuildPhase;
			buildActionMask = 2147483647;
			files = (
				F4DF45351CDB929000826CEB /* LaunchScreen.storyboard in Resources */,
				F43CC51A1CE0D793008D1A83 /* Assets.xcassets in Resources */,
				F4DF45301CDB929000826CEB /* Main.storyboard in Resources */,
			);
			runOnlyForDeploymentPostprocessing = 0;
		};
		F4DF45391CDB929000826CEB /* Resources */ = {
			isa = PBXResourcesBuildPhase;
			buildActionMask = 2147483647;
			files = (
			);
			runOnlyForDeploymentPostprocessing = 0;
		};
		F4DF45441CDB929000826CEB /* Resources */ = {
			isa = PBXResourcesBuildPhase;
			buildActionMask = 2147483647;
			files = (
			);
			runOnlyForDeploymentPostprocessing = 0;
		};
/* End PBXResourcesBuildPhase section */

/* Begin PBXSourcesBuildPhase section */
		F4DF451F1CDB929000826CEB /* Sources */ = {
			isa = PBXSourcesBuildPhase;
			buildActionMask = 2147483647;
			files = (
				F43CC51E1CE1058C008D1A83 /* Store.swift in Sources */,
				F4FD9AAC1CE91F2D00BBA331 /* GPSViewController.swift in Sources */,
				F48336A11CE4FD4B00CED334 /* ExerciseMethodViewController.swift in Sources */,
				F46267301CF4CC3A0005E024 /* StoreBViewController.swift in Sources */,
				F46267381CF7824B0005E024 /* StoreA1ViewController.swift in Sources */,
				F4FD9AB01CE9238900BBA331 /* RoomViewController.swift in Sources */,
				F483369F1CE4FAA600CED334 /* ExerciseViewController.swift in Sources */,
				F462672E1CF37B700005E024 /* StoreViewController.swift in Sources */,
				F4FD9AB21CEAA53100BBA331 /* Global.swift in Sources */,
				F4DF452B1CDB929000826CEB /* GameScene.swift in Sources */,
				F4DF452D1CDB929000826CEB /* GameViewController.swift in Sources */,
				F48336A31CE5024E00CED334 /* StoreAViewController.swift in Sources */,
				F4DB47051CEB5FA500FF35E7 /* SettingsViewController.swift in Sources */,
				F483369D1CE4E9C400CED334 /* LogViewController.swift in Sources */,
				F43CC51C1CE0DAEE008D1A83 /* Coins.swift in Sources */,
				F46267321CF4FAC50005E024 /* StoreCViewController.swift in Sources */,
				F46267341CF5013D0005E024 /* StoreDViewController.swift in Sources */,
				F46267361CF5DF2B0005E024 /* StoreEViewController.swift in Sources */,
				F4FD9AAE1CE91F3D00BBA331 /* TimerViewController.swift in Sources */,
				F4DF45271CDB929000826CEB /* AppDelegate.swift in Sources */,
			);
			runOnlyForDeploymentPostprocessing = 0;
		};
		F4DF45371CDB929000826CEB /* Sources */ = {
			isa = PBXSourcesBuildPhase;
			buildActionMask = 2147483647;
			files = (
				F4DF45401CDB929000826CEB /* Fitness_FriendsTests.swift in Sources */,
			);
			runOnlyForDeploymentPostprocessing = 0;
		};
		F4DF45421CDB929000826CEB /* Sources */ = {
			isa = PBXSourcesBuildPhase;
			buildActionMask = 2147483647;
			files = (
				F4DF454B1CDB929100826CEB /* Fitness_FriendsUITests.swift in Sources */,
			);
			runOnlyForDeploymentPostprocessing = 0;
		};
/* End PBXSourcesBuildPhase section */

/* Begin PBXTargetDependency section */
		F4DF453D1CDB929000826CEB /* PBXTargetDependency */ = {
			isa = PBXTargetDependency;
			target = F4DF45221CDB929000826CEB /* Fitness Friends */;
			targetProxy = F4DF453C1CDB929000826CEB /* PBXContainerItemProxy */;
		};
		F4DF45481CDB929000826CEB /* PBXTargetDependency */ = {
			isa = PBXTargetDependency;
			target = F4DF45221CDB929000826CEB /* Fitness Friends */;
			targetProxy = F4DF45471CDB929000826CEB /* PBXContainerItemProxy */;
		};
/* End PBXTargetDependency section */

/* Begin PBXVariantGroup section */
		F4DF452E1CDB929000826CEB /* Main.storyboard */ = {
			isa = PBXVariantGroup;
			children = (
				F4DF452F1CDB929000826CEB /* Base */,
			);
			name = Main.storyboard;
			sourceTree = "<group>";
		};
		F4DF45331CDB929000826CEB /* LaunchScreen.storyboard */ = {
			isa = PBXVariantGroup;
			children = (
				F4DF45341CDB929000826CEB /* Base */,
			);
			name = LaunchScreen.storyboard;
			sourceTree = "<group>";
		};
/* End PBXVariantGroup section */

/* Begin XCBuildConfiguration section */
		F4DF454D1CDB929100826CEB /* Debug */ = {
			isa = XCBuildConfiguration;
			buildSettings = {
				ALWAYS_SEARCH_USER_PATHS = NO;
				CLANG_ANALYZER_NONNULL = YES;
				CLANG_CXX_LANGUAGE_STANDARD = "gnu++0x";
				CLANG_CXX_LIBRARY = "libc++";
				CLANG_ENABLE_MODULES = YES;
				CLANG_ENABLE_OBJC_ARC = YES;
				CLANG_WARN_BOOL_CONVERSION = YES;
				CLANG_WARN_CONSTANT_CONVERSION = YES;
				CLANG_WARN_DIRECT_OBJC_ISA_USAGE = YES_ERROR;
				CLANG_WARN_EMPTY_BODY = YES;
				CLANG_WARN_ENUM_CONVERSION = YES;
				CLANG_WARN_INT_CONVERSION = YES;
				CLANG_WARN_OBJC_ROOT_CLASS = YES_ERROR;
				CLANG_WARN_UNREACHABLE_CODE = YES;
				CLANG_WARN__DUPLICATE_METHOD_MATCH = YES;
				"CODE_SIGN_IDENTITY[sdk=iphoneos*]" = "iPhone Developer";
				COPY_PHASE_STRIP = NO;
				DEBUG_INFORMATION_FORMAT = "dwarf-with-dsym";
				ENABLE_STRICT_OBJC_MSGSEND = YES;
				ENABLE_TESTABILITY = YES;
				GCC_C_LANGUAGE_STANDARD = gnu99;
				GCC_DYNAMIC_NO_PIC = NO;
				GCC_NO_COMMON_BLOCKS = YES;
				GCC_OPTIMIZATION_LEVEL = 0;
				GCC_PREPROCESSOR_DEFINITIONS = (
					"DEBUG=1",
					"$(inherited)",
				);
				GCC_WARN_64_TO_32_BIT_CONVERSION = YES;
				GCC_WARN_ABOUT_RETURN_TYPE = YES_ERROR;
				GCC_WARN_UNDECLARED_SELECTOR = YES;
				GCC_WARN_UNINITIALIZED_AUTOS = YES_AGGRESSIVE;
				GCC_WARN_UNUSED_FUNCTION = YES;
				GCC_WARN_UNUSED_VARIABLE = YES;
				IPHONEOS_DEPLOYMENT_TARGET = 9.3;
				MTL_ENABLE_DEBUG_INFO = YES;
				ONLY_ACTIVE_ARCH = YES;
				SDKROOT = iphoneos;
				SWIFT_OPTIMIZATION_LEVEL = "-Onone";
			};
			name = Debug;
		};
		F4DF454E1CDB929100826CEB /* Release */ = {
			isa = XCBuildConfiguration;
			buildSettings = {
				ALWAYS_SEARCH_USER_PATHS = NO;
				CLANG_ANALYZER_NONNULL = YES;
				CLANG_CXX_LANGUAGE_STANDARD = "gnu++0x";
				CLANG_CXX_LIBRARY = "libc++";
				CLANG_ENABLE_MODULES = YES;
				CLANG_ENABLE_OBJC_ARC = YES;
				CLANG_WARN_BOOL_CONVERSION = YES;
				CLANG_WARN_CONSTANT_CONVERSION = YES;
				CLANG_WARN_DIRECT_OBJC_ISA_USAGE = YES_ERROR;
				CLANG_WARN_EMPTY_BODY = YES;
				CLANG_WARN_ENUM_CONVERSION = YES;
				CLANG_WARN_INT_CONVERSION = YES;
				CLANG_WARN_OBJC_ROOT_CLASS = YES_ERROR;
				CLANG_WARN_UNREACHABLE_CODE = YES;
				CLANG_WARN__DUPLICATE_METHOD_MATCH = YES;
				"CODE_SIGN_IDENTITY[sdk=iphoneos*]" = "iPhone Developer";
				COPY_PHASE_STRIP = NO;
				DEBUG_INFORMATION_FORMAT = "dwarf-with-dsym";
				ENABLE_NS_ASSERTIONS = NO;
				ENABLE_STRICT_OBJC_MSGSEND = YES;
				GCC_C_LANGUAGE_STANDARD = gnu99;
				GCC_NO_COMMON_BLOCKS = YES;
				GCC_WARN_64_TO_32_BIT_CONVERSION = YES;
				GCC_WARN_ABOUT_RETURN_TYPE = YES_ERROR;
				GCC_WARN_UNDECLARED_SELECTOR = YES;
				GCC_WARN_UNINITIALIZED_AUTOS = YES_AGGRESSIVE;
				GCC_WARN_UNUSED_FUNCTION = YES;
				GCC_WARN_UNUSED_VARIABLE = YES;
				IPHONEOS_DEPLOYMENT_TARGET = 9.3;
				MTL_ENABLE_DEBUG_INFO = NO;
				SDKROOT = iphoneos;
				VALIDATE_PRODUCT = YES;
			};
			name = Release;
		};
		F4DF45501CDB929100826CEB /* Debug */ = {
			isa = XCBuildConfiguration;
			buildSettings = {
				ASSETCATALOG_COMPILER_APPICON_NAME = AppIcon;
				CODE_SIGN_IDENTITY = "iPhone Developer";
				"CODE_SIGN_IDENTITY[sdk=iphoneos*]" = "iPhone Developer";
				INFOPLIST_FILE = "Fitness Friends/Info.plist";
				LD_RUNPATH_SEARCH_PATHS = "$(inherited) @executable_path/Frameworks";
				PRODUCT_BUNDLE_IDENTIFIER = "TriSquare.Fitness-Friends";
				PRODUCT_NAME = "$(TARGET_NAME)";
				PROVISIONING_PROFILE = "";
			};
			name = Debug;
		};
		F4DF45511CDB929100826CEB /* Release */ = {
			isa = XCBuildConfiguration;
			buildSettings = {
				ASSETCATALOG_COMPILER_APPICON_NAME = AppIcon;
				CODE_SIGN_IDENTITY = "iPhone Developer";
				"CODE_SIGN_IDENTITY[sdk=iphoneos*]" = "iPhone Developer";
				INFOPLIST_FILE = "Fitness Friends/Info.plist";
				LD_RUNPATH_SEARCH_PATHS = "$(inherited) @executable_path/Frameworks";
				PRODUCT_BUNDLE_IDENTIFIER = "TriSquare.Fitness-Friends";
				PRODUCT_NAME = "$(TARGET_NAME)";
				PROVISIONING_PROFILE = "";
			};
			name = Release;
		};
		F4DF45531CDB929100826CEB /* Debug */ = {
			isa = XCBuildConfiguration;
			buildSettings = {
				BUNDLE_LOADER = "$(TEST_HOST)";
				DEBUG_INFORMATION_FORMAT = dwarf;
				INFOPLIST_FILE = "Fitness FriendsTests/Info.plist";
				LD_RUNPATH_SEARCH_PATHS = "$(inherited) @executable_path/Frameworks @loader_path/Frameworks";
				PRODUCT_BUNDLE_IDENTIFIER = "TriSquare.Fitness-FriendsTests";
				PRODUCT_NAME = "$(TARGET_NAME)";
				TEST_HOST = "$(BUILT_PRODUCTS_DIR)/Fitness Friends.app/Fitness Friends";
			};
			name = Debug;
		};
		F4DF45541CDB929100826CEB /* Release */ = {
			isa = XCBuildConfiguration;
			buildSettings = {
				BUNDLE_LOADER = "$(TEST_HOST)";
				INFOPLIST_FILE = "Fitness FriendsTests/Info.plist";
				LD_RUNPATH_SEARCH_PATHS = "$(inherited) @executable_path/Frameworks @loader_path/Frameworks";
				PRODUCT_BUNDLE_IDENTIFIER = "TriSquare.Fitness-FriendsTests";
				PRODUCT_NAME = "$(TARGET_NAME)";
				TEST_HOST = "$(BUILT_PRODUCTS_DIR)/Fitness Friends.app/Fitness Friends";
			};
			name = Release;
		};
		F4DF45561CDB929100826CEB /* Debug */ = {
			isa = XCBuildConfiguration;
			buildSettings = {
				DEBUG_INFORMATION_FORMAT = dwarf;
				INFOPLIST_FILE = "Fitness FriendsUITests/Info.plist";
				LD_RUNPATH_SEARCH_PATHS = "$(inherited) @executable_path/Frameworks @loader_path/Frameworks";
				PRODUCT_BUNDLE_IDENTIFIER = "TriSquare.Fitness-FriendsUITests";
				PRODUCT_NAME = "$(TARGET_NAME)";
				TEST_TARGET_NAME = "Fitness Friends";
			};
			name = Debug;
		};
		F4DF45571CDB929100826CEB /* Release */ = {
			isa = XCBuildConfiguration;
			buildSettings = {
				INFOPLIST_FILE = "Fitness FriendsUITests/Info.plist";
				LD_RUNPATH_SEARCH_PATHS = "$(inherited) @executable_path/Frameworks @loader_path/Frameworks";
				PRODUCT_BUNDLE_IDENTIFIER = "TriSquare.Fitness-FriendsUITests";
				PRODUCT_NAME = "$(TARGET_NAME)";
				TEST_TARGET_NAME = "Fitness Friends";
			};
			name = Release;
		};
/* End XCBuildConfiguration section */

/* Begin XCConfigurationList section */
		F4DF451E1CDB929000826CEB /* Build configuration list for PBXProject "Fitness Friends" */ = {
			isa = XCConfigurationList;
			buildConfigurations = (
				F4DF454D1CDB929100826CEB /* Debug */,
				F4DF454E1CDB929100826CEB /* Release */,
			);
			defaultConfigurationIsVisible = 0;
			defaultConfigurationName = Release;
		};
		F4DF454F1CDB929100826CEB /* Build configuration list for PBXNativeTarget "Fitness Friends" */ = {
			isa = XCConfigurationList;
			buildConfigurations = (
				F4DF45501CDB929100826CEB /* Debug */,
				F4DF45511CDB929100826CEB /* Release */,
			);
			defaultConfigurationIsVisible = 0;
			defaultConfigurationName = Release;
		};
		F4DF45521CDB929100826CEB /* Build configuration list for PBXNativeTarget "Fitness FriendsTests" */ = {
			isa = XCConfigurationList;
			buildConfigurations = (
				F4DF45531CDB929100826CEB /* Debug */,
				F4DF45541CDB929100826CEB /* Release */,
			);
			defaultConfigurationIsVisible = 0;
			defaultConfigurationName = Release;
		};
		F4DF45551CDB929100826CEB /* Build configuration list for PBXNativeTarget "Fitness FriendsUITests" */ = {
			isa = XCConfigurationList;
			buildConfigurations = (
				F4DF45561CDB929100826CEB /* Debug */,
				F4DF45571CDB929100826CEB /* Release */,
			);
			defaultConfigurationIsVisible = 0;
			defaultConfigurationName = Release;
		};
/* End XCConfigurationList section */
	};
	rootObject = F4DF451B1CDB929000826CEB /* Project object */;
}
